
Microsoft Visual Studio Solution File, Format Version 12.00
# Visual Studio 15
VisualStudioVersion = 15.0.28010.2050
MinimumVisualStudioVersion = 10.0.40219.1
Project("{FAE04EC0-301F-11D3-BF4B-00C04F79EFBC}") = "MasterClassApi", "MasterClassApi\MasterClassApi.csproj", "{90687524-4B7B-4138-A7AD-1B7491A5F746}"
EndProject
Global
	GlobalSection(SolutionConfigurationPlatforms) = preSolution
		Debug|Any CPU = Debug|Any CPU
		Release|Any CPU = Release|Any CPU
	EndGlobalSection
	GlobalSection(ProjectConfigurationPlatforms) = postSolution
		{90687524-4B7B-4138-A7AD-1B7491A5F746}.Debug|Any CPU.ActiveCfg = Debug|Any CPU
		{90687524-4B7B-4138-A7AD-1B7491A5F746}.Debug|Any CPU.Build.0 = Debug|Any CPU
		{90687524-4B7B-4138-A7AD-1B7491A5F746}.Release|Any CPU.ActiveCfg = Release|Any CPU
		{90687524-4B7B-4138-A7AD-1B7491A5F746}.Release|Any CPU.Build.0 = Release|Any CPU
	EndGlobalSection
	GlobalSection(SolutionProperties) = preSolution
		HideSolutionNode = FALSE
	EndGlobalSection
	GlobalSection(ExtensibilityGlobals) = postSolution
		SolutionGuid = {DECC668B-3B5C-4E61-B956-CFEF5893E0EC}
	EndGlobalSection
EndGlobal
